// !$*UTF8*$!
{
	archiveVersion = 1;
	classes = {
	};
	objectVersion = 50;
	objects = {

/* Begin PBXBuildFile section */
		62E4B3A52501738B00F6FB1D /* AppDelegate.swift in Sources */ = {isa = PBXBuildFile; fileRef = 62E4B3A42501738B00F6FB1D /* AppDelegate.swift */; };
		62E4B3A72501738B00F6FB1D /* SceneDelegate.swift in Sources */ = {isa = PBXBuildFile; fileRef = 62E4B3A62501738B00F6FB1D /* SceneDelegate.swift */; };
		62E4B3A92501738B00F6FB1D /* ContentView.swift in Sources */ = {isa = PBXBuildFile; fileRef = 62E4B3A82501738B00F6FB1D /* ContentView.swift */; };
		62E4B3AB2501738C00F6FB1D /* Assets.xcassets in Resources */ = {isa = PBXBuildFile; fileRef = 62E4B3AA2501738C00F6FB1D /* Assets.xcassets */; };
		62E4B3AE2501738C00F6FB1D /* Preview Assets.xcassets in Resources */ = {isa = PBXBuildFile; fileRef = 62E4B3AD2501738C00F6FB1D /* Preview Assets.xcassets */; };
		62E4B3B12501738C00F6FB1D /* LaunchScreen.storyboard in Resources */ = {isa = PBXBuildFile; fileRef = 62E4B3AF2501738C00F6FB1D /* LaunchScreen.storyboard */; };
/* End PBXBuildFile section */

/* Begin PBXFileReference section */
		62E4B3A12501738B00F6FB1D /* SwagAppPartTwo.app */ = {isa = PBXFileReference; explicitFileType = wrapper.application; includeInIndex = 0; path = SwagAppPartTwo.app; sourceTree = BUILT_PRODUCTS_DIR; };
		62E4B3A42501738B00F6FB1D /* AppDelegate.swift */ = {isa = PBXFileReference; lastKnownFileType = sourcecode.swift; path = AppDelegate.swift; sourceTree = "<group>"; };
		62E4B3A62501738B00F6FB1D /* SceneDelegate.swift */ = {isa = PBXFileReference; lastKnownFileType = sourcecode.swift; path = SceneDelegate.swift; sourceTree = "<group>"; };
		62E4B3A82501738B00F6FB1D /* ContentView.swift */ = {isa = PBXFileReference; lastKnownFileType = sourcecode.swift; path = ContentView.swift; sourceTree = "<group>"; };
		62E4B3AA2501738C00F6FB1D /* Assets.xcassets */ = {isa = PBXFileReference; lastKnownFileType = folder.assetcatalog; path = Assets.xcassets; sourceTree = "<group>"; };
		62E4B3AD2501738C00F6FB1D /* Preview Assets.xcassets */ = {isa = PBXFileReference; lastKnownFileType = folder.assetcatalog; path = "Preview Assets.xcassets"; sourceTree = "<group>"; };
		62E4B3B02501738C00F6FB1D /* Base */ = {isa = PBXFileReference; lastKnownFileType = file.storyboard; name = Base; path = Base.lproj/LaunchScreen.storyboard; sourceTree = "<group>"; };
		62E4B3B22501738C00F6FB1D /* Info.plist */ = {isa = PBXFileReference; lastKnownFileType = text.plist.xml; path = Info.plist; sourceTree = "<group>"; };
/* End PBXFileReference section */

/* Begin PBXFrameworksBuildPhase section */
		62E4B39E2501738B00F6FB1D /* Frameworks */ = {
			isa = PBXFrameworksBuildPhase;
			buildActionMask = 2147483647;
			files = (
			);
			runOnlyForDeploymentPostprocessing = 0;
		};
/* End PBXFrameworksBuildPhase section */

/* Begin PBXGroup section */
		62E4B3982501738B00F6FB1D = {
			isa = PBXGroup;
			children = (
				62E4B3A32501738B00F6FB1D /* SwagAppPartTwo */,
				62E4B3A22501738B00F6FB1D /* Products */,
			);
			sourceTree = "<group>";
		};
		62E4B3A22501738B00F6FB1D /* Products */ = {
			isa = PBXGroup;
			children = (
				62E4B3A12501738B00F6FB1D /* SwagAppPartTwo.app */,
			);
			name = Products;
			sourceTree = "<group>";
		};
		62E4B3A32501738B00F6FB1D /* SwagAppPartTwo */ = {
			isa = PBXGroup;
			children = (
				62E4B3B82501749B00F6FB1D /* Resources */,
				62E4B3B9250174EC00F6FB1D /* Controller */,
				62E4B3BA250174FC00F6FB1D /* View */,
				62E4B3AC2501738C00F6FB1D /* Preview Content */,
			);
			path = SwagAppPartTwo;
			sourceTree = "<group>";
		};
		62E4B3AC2501738C00F6FB1D /* Preview Content */ = {
			isa = PBXGroup;
			children = (
				62E4B3AD2501738C00F6FB1D /* Preview Assets.xcassets */,
			);
			path = "Preview Content";
			sourceTree = "<group>";
		};
		62E4B3B82501749B00F6FB1D /* Resources */ = {
			isa = PBXGroup;
			children = (
				62E4B3A42501738B00F6FB1D /* AppDelegate.swift */,
				62E4B3A62501738B00F6FB1D /* SceneDelegate.swift */,
				62E4B3AA2501738C00F6FB1D /* Assets.xcassets */,
				62E4B3B22501738C00F6FB1D /* Info.plist */,
			);
			path = Resources;
			sourceTree = "<group>";
		};
		62E4B3B9250174EC00F6FB1D /* Controller */ = {
			isa = PBXGroup;
			children = (
				62E4B3A82501738B00F6FB1D /* ContentView.swift */,
			);
			path = Controller;
			sourceTree = "<group>";
		};
		62E4B3BA250174FC00F6FB1D /* View */ = {
			isa = PBXGroup;
			children = (
				62E4B3AF2501738C00F6FB1D /* LaunchScreen.storyboard */,
			);
			path = View;
			sourceTree = "<group>";
		};
/* End PBXGroup section */

/* Begin PBXNativeTarget section */
		62E4B3A02501738B00F6FB1D /* SwagAppPartTwo */ = {
			isa = PBXNativeTarget;
			buildConfigurationList = 62E4B3B52501738C00F6FB1D /* Build configuration list for PBXNativeTarget "SwagAppPartTwo" */;
			buildPhases = (
				62E4B39D2501738B00F6FB1D /* Sources */,
				62E4B39E2501738B00F6FB1D /* Frameworks */,
				62E4B39F2501738B00F6FB1D /* Resources */,
			);
			buildRules = (
			);
			dependencies = (
			);
			name = SwagAppPartTwo;
			productName = SwagAppPartTwo;
			productReference = 62E4B3A12501738B00F6FB1D /* SwagAppPartTwo.app */;
			productType = "com.apple.product-type.application";
		};
/* End PBXNativeTarget section */

/* Begin PBXProject section */
		62E4B3992501738B00F6FB1D /* Project object */ = {
			isa = PBXProject;
			attributes = {
				LastSwiftUpdateCheck = 1120;
				LastUpgradeCheck = 1120;
				ORGANIZATIONNAME = CTEC;
				TargetAttributes = {
					62E4B3A02501738B00F6FB1D = {
						CreatedOnToolsVersion = 11.2.1;
					};
				};
			};
			buildConfigurationList = 62E4B39C2501738B00F6FB1D /* Build configuration list for PBXProject "SwagAppPartTwo" */;
			compatibilityVersion = "Xcode 9.3";
			developmentRegion = en;
			hasScannedForEncodings = 0;
			knownRegions = (
				en,
				Base,
			);
			mainGroup = 62E4B3982501738B00F6FB1D;
			productRefGroup = 62E4B3A22501738B00F6FB1D /* Products */;
			projectDirPath = "";
			projectRoot = "";
			targets = (
				62E4B3A02501738B00F6FB1D /* SwagAppPartTwo */,
			);
		};
/* End PBXProject section */

/* Begin PBXResourcesBuildPhase section */
		62E4B39F2501738B00F6FB1D /* Resources */ = {
			isa = PBXResourcesBuildPhase;
			buildActionMask = 2147483647;
			files = (
				62E4B3B12501738C00F6FB1D /* LaunchScreen.storyboard in Resources */,
				62E4B3AE2501738C00F6FB1D /* Preview Assets.xcassets in Resources */,
				62E4B3AB2501738C00F6FB1D /* Assets.xcassets in Resources */,
			);
			runOnlyForDeploymentPostprocessing = 0;
		};
/* End PBXResourcesBuildPhase section */

/* Begin PBXSourcesBuildPhase section */
		62E4B39D2501738B00F6FB1D /* Sources */ = {
			isa = PBXSourcesBuildPhase;
			buildActionMask = 2147483647;
			files = (
				62E4B3A52501738B00F6FB1D /* AppDelegate.swift in Sources */,
				62E4B3A72501738B00F6FB1D /* SceneDelegate.swift in Sources */,
				62E4B3A92501738B00F6FB1D /* ContentView.swift in Sources */,
			);
			runOnlyForDeploymentPostprocessing = 0;
		};
/* End PBXSourcesBuildPhase section */

/* Begin PBXVariantGroup section */
		62E4B3AF2501738C00F6FB1D /* LaunchScreen.storyboard */ = {
			isa = PBXVariantGroup;
			children = (
				62E4B3B02501738C00F6FB1D /* Base */,
			);
			name = LaunchScreen.storyboard;
			sourceTree = "<group>";
		};
/* End PBXVariantGroup section */

/* Begin XCBuildConfiguration section */
		62E4B3B32501738C00F6FB1D /* Debug */ = {
			isa = XCBuildConfiguration;
			buildSettings = {
				ALWAYS_SEARCH_USER_PATHS = NO;
				CLANG_ANALYZER_NONNULL = YES;
				CLANG_ANALYZER_NUMBER_OBJECT_CONVERSION = YES_AGGRESSIVE;
				CLANG_CXX_LANGUAGE_STANDARD = "gnu++14";
				CLANG_CXX_LIBRARY = "libc++";
				CLANG_ENABLE_MODULES = YES;
				CLANG_ENABLE_OBJC_ARC = YES;
				CLANG_ENABLE_OBJC_WEAK = YES;
				CLANG_WARN_BLOCK_CAPTURE_AUTORELEASING = YES;
				CLANG_WARN_BOOL_CONVERSION = YES;
				CLANG_WARN_COMMA = YES;
				CLANG_WARN_CONSTANT_CONVERSION = YES;
				CLANG_WARN_DEPRECATED_OBJC_IMPLEMENTATIONS = YES;
				CLANG_WARN_DIRECT_OBJC_ISA_USAGE = YES_ERROR;
				CLANG_WARN_DOCUMENTATION_COMMENTS = YES;
				CLANG_WARN_EMPTY_BODY = YES;
				CLANG_WARN_ENUM_CONVERSION = YES;
				CLANG_WARN_INFINITE_RECURSION = YES;
				CLANG_WARN_INT_CONVERSION = YES;
				CLANG_WARN_NON_LITERAL_NULL_CONVERSION = YES;
				CLANG_WARN_OBJC_IMPLICIT_RETAIN_SELF = YES;
				CLANG_WARN_OBJC_LITERAL_CONVERSION = YES;
				CLANG_WARN_OBJC_ROOT_CLASS = YES_ERROR;
				CLANG_WARN_RANGE_LOOP_ANALYSIS = YES;
				CLANG_WARN_STRICT_PROTOTYPES = YES;
				CLANG_WARN_SUSPICIOUS_MOVE = YES;
				CLANG_WARN_UNGUARDED_AVAILABILITY = YES_AGGRESSIVE;
				CLANG_WARN_UNREACHABLE_CODE = YES;
				CLANG_WARN__DUPLICATE_METHOD_MATCH = YES;
				COPY_PHASE_STRIP = NO;
				DEBUG_INFORMATION_FORMAT = dwarf;
				ENABLE_STRICT_OBJC_MSGSEND = YES;
				ENABLE_TESTABILITY = YES;
				GCC_C_LANGUAGE_STANDARD = gnu11;
				GCC_DYNAMIC_NO_PIC = NO;
				GCC_NO_COMMON_BLOCKS = YES;
				GCC_OPTIMIZATION_LEVEL = 0;
				GCC_PREPROCESSOR_DEFINITIONS = (
					"DEBUG=1",
					"$(inherited)",
				);
				GCC_WARN_64_TO_32_BIT_CONVERSION = YES;
				GCC_WARN_ABOUT_RETURN_TYPE = YES_ERROR;
				GCC_WARN_UNDECLARED_SELECTOR = YES;
				GCC_WARN_UNINITIALIZED_AUTOS = YES_AGGRESSIVE;
				GCC_WARN_UNUSED_FUNCTION = YES;
				GCC_WARN_UNUSED_VARIABLE = YES;
				IPHONEOS_DEPLOYMENT_TARGET = 13.2;
				MTL_ENABLE_DEBUG_INFO = INCLUDE_SOURCE;
				MTL_FAST_MATH = YES;
				ONLY_ACTIVE_ARCH = YES;
				SDKROOT = iphoneos;
				SWIFT_ACTIVE_COMPILATION_CONDITIONS = DEBUG;
				SWIFT_OPTIMIZATION_LEVEL = "-Onone";
			};
			name = Debug;
		};
		62E4B3B42501738C00F6FB1D /* Release */ = {
			isa = XCBuildConfiguration;
			buildSettings = {
				ALWAYS_SEARCH_USER_PATHS = NO;
				CLANG_ANALYZER_NONNULL = YES;
				CLANG_ANALYZER_NUMBER_OBJECT_CONVERSION = YES_AGGRESSIVE;
				CLANG_CXX_LANGUAGE_STANDARD = "gnu++14";
				CLANG_CXX_LIBRARY = "libc++";
				CLANG_ENABLE_MODULES = YES;
				CLANG_ENABLE_OBJC_ARC = YES;
				CLANG_ENABLE_OBJC_WEAK = YES;
				CLANG_WARN_BLOCK_CAPTURE_AUTORELEASING = YES;
				CLANG_WARN_BOOL_CONVERSION = YES;
				CLANG_WARN_COMMA = YES;
				CLANG_WARN_CONSTANT_CONVERSION = YES;
				CLANG_WARN_DEPRECATED_OBJC_IMPLEMENTATIONS = YES;
				CLANG_WARN_DIRECT_OBJC_ISA_USAGE = YES_ERROR;
				CLANG_WARN_DOCUMENTATION_COMMENTS = YES;
				CLANG_WARN_EMPTY_BODY = YES;
				CLANG_WARN_ENUM_CONVERSION = YES;
				CLANG_WARN_INFINITE_RECURSION = YES;
				CLANG_WARN_INT_CONVERSION = YES;
				CLANG_WARN_NON_LITERAL_NULL_CONVERSION = YES;
				CLANG_WARN_OBJC_IMPLICIT_RETAIN_SELF = YES;
				CLANG_WARN_OBJC_LITERAL_CONVERSION = YES;
				CLANG_WARN_OBJC_ROOT_CLASS = YES_ERROR;
				CLANG_WARN_RANGE_LOOP_ANALYSIS = YES;
				CLANG_WARN_STRICT_PROTOTYPES = YES;
				CLANG_WARN_SUSPICIOUS_MOVE = YES;
				CLANG_WARN_UNGUARDED_AVAILABILITY = YES_AGGRESSIVE;
				CLANG_WARN_UNREACHABLE_CODE = YES;
				CLANG_WARN__DUPLICATE_METHOD_MATCH = YES;
				COPY_PHASE_STRIP = NO;
				DEBUG_INFORMATION_FORMAT = "dwarf-with-dsym";
				ENABLE_NS_ASSERTIONS = NO;
				ENABLE_STRICT_OBJC_MSGSEND = YES;
				GCC_C_LANGUAGE_STANDARD = gnu11;
				GCC_NO_COMMON_BLOCKS = YES;
				GCC_WARN_64_TO_32_BIT_CONVERSION = YES;
				GCC_WARN_ABOUT_RETURN_TYPE = YES_ERROR;
				GCC_WARN_UNDECLARED_SELECTOR = YES;
				GCC_WARN_UNINITIALIZED_AUTOS = YES_AGGRESSIVE;
				GCC_WARN_UNUSED_FUNCTION = YES;
				GCC_WARN_UNUSED_VARIABLE = YES;
				IPHONEOS_DEPLOYMENT_TARGET = 13.2;
				MTL_ENABLE_DEBUG_INFO = NO;
				MTL_FAST_MATH = YES;
				SDKROOT = iphoneos;
				SWIFT_COMPILATION_MODE = wholemodule;
				SWIFT_OPTIMIZATION_LEVEL = "-O";
				VALIDATE_PRODUCT = YES;
			};
			name = Release;
		};
		62E4B3B62501738C00F6FB1D /* Debug */ = {
			isa = XCBuildConfiguration;
			buildSettings = {
				ASSETCATALOG_COMPILER_APPICON_NAME = AppIcon;
				CODE_SIGN_STYLE = Automatic;
				DEVELOPMENT_ASSET_PATHS = "\"SwagAppPartTwo/Preview Content\"";
				ENABLE_PREVIEWS = YES;
				INFOPLIST_FILE = SwagAppPartTwo/Resources/Info.plist;
				LD_RUNPATH_SEARCH_PATHS = (
					"$(inherited)",
					"@executable_path/Frameworks",
				);
				PRODUCT_BUNDLE_IDENTIFIER = CTEC.SwagAppPartTwo;
				PRODUCT_NAME = "$(TARGET_NAME)";
				SWIFT_VERSION = 5.0;
				TARGETED_DEVICE_FAMILY = "1,2";
			};
			name = Debug;
		};
		62E4B3B72501738C00F6FB1D /* Release */ = {
			isa = XCBuildConfiguration;
			buildSettings = {
				ASSETCATALOG_COMPILER_APPICON_NAME = AppIcon;
				CODE_SIGN_STYLE = Automatic;
				DEVELOPMENT_ASSET_PATHS = "\"SwagAppPartTwo/Preview Content\"";
				ENABLE_PREVIEWS = YES;
				INFOPLIST_FILE = SwagAppPartTwo/Resources/Info.plist;
				LD_RUNPATH_SEARCH_PATHS = (
					"$(inherited)",
					"@executable_path/Frameworks",
				);
				PRODUCT_BUNDLE_IDENTIFIER = CTEC.SwagAppPartTwo;
				PRODUCT_NAME = "$(TARGET_NAME)";
				SWIFT_VERSION = 5.0;
				TARGETED_DEVICE_FAMILY = "1,2";
			};
			name = Release;
		};
/* End XCBuildConfiguration section */

/* Begin XCConfigurationList section */
		62E4B39C2501738B00F6FB1D /* Build configuration list for PBXProject "SwagAppPartTwo" */ = {
			isa = XCConfigurationList;
			buildConfigurations = (
				62E4B3B32501738C00F6FB1D /* Debug */,
				62E4B3B42501738C00F6FB1D /* Release */,
			);
			defaultConfigurationIsVisible = 0;
			defaultConfigurationName = Release;
		};
		62E4B3B52501738C00F6FB1D /* Build configuration list for PBXNativeTarget "SwagAppPartTwo" */ = {
			isa = XCConfigurationList;
			buildConfigurations = (
				62E4B3B62501738C00F6FB1D /* Debug */,
				62E4B3B72501738C00F6FB1D /* Release */,
			);
			defaultConfigurationIsVisible = 0;
			defaultConfigurationName = Release;
		};
/* End XCConfigurationList section */
	};
	rootObject = 62E4B3992501738B00F6FB1D /* Project object */;
}
